
Microsoft Visual Studio Solution File, Format Version 12.00
# Visual Studio Version 16
VisualStudioVersion = 16.0.30517.126
MinimumVisualStudioVersion = 10.0.40219.1
Project("{FAE04EC0-301F-11D3-BF4B-00C04F79EFBC}") = "geogebra", "geogebra\geogebra.csproj", "{0E342DB8-DE17-4EE2-B050-A7EA705B8134}"
EndProject
Global
	GlobalSection(SolutionConfigurationPlatforms) = preSolution
		Debug|Any CPU = Debug|Any CPU
		Release|Any CPU = Release|Any CPU
	EndGlobalSection
	GlobalSection(ProjectConfigurationPlatforms) = postSolution
		{0E342DB8-DE17-4EE2-B050-A7EA705B8134}.Debug|Any CPU.ActiveCfg = Debug|Any CPU
		{0E342DB8-DE17-4EE2-B050-A7EA705B8134}.Debug|Any CPU.Build.0 = Debug|Any CPU
		{0E342DB8-DE17-4EE2-B050-A7EA705B8134}.Release|Any CPU.ActiveCfg = Release|Any CPU
		{0E342DB8-DE17-4EE2-B050-A7EA705B8134}.Release|Any CPU.Build.0 = Release|Any CPU
	EndGlobalSection
	GlobalSection(SolutionProperties) = preSolution
		HideSolutionNode = FALSE
	EndGlobalSection
	GlobalSection(ExtensibilityGlobals) = postSolution
		SolutionGuid = {4128785F-432E-42C7-A8D6-603F3233BFE4}
	EndGlobalSection
EndGlobal
